
Microsoft Visual Studio Solution File, Format Version 12.00
# Visual Studio Version 17
VisualStudioVersion = 17.6.33815.320
MinimumVisualStudioVersion = 10.0.40219.1
Project("{2150E333-8FDC-42A3-9474-1A3956D46DE8}") = "src", "src", "{AC4A0547-4571-43B1-82A3-356FBF3DE142}"
EndProject
Project("{2150E333-8FDC-42A3-9474-1A3956D46DE8}") = "Api", "Api", "{4093D895-6BDA-49C9-B594-32EDBBC2AC42}"
EndProject
Project("{FAE04EC0-301F-11D3-BF4B-00C04F79EFBC}") = "HotelBackend.ReservationService", "src\Api\HotelBackend.ReservationService\HotelBackend.ReservationService.csproj", "{66F72374-563B-4703-A20B-D671B9CACB7B}"
EndProject
Project("{FAE04EC0-301F-11D3-BF4B-00C04F79EFBC}") = "HotelBackend.PaymentInitiatorService", "src\Api\HotelBackend.PaymentInitiatorService\HotelBackend.PaymentInitiatorService.csproj", "{4D05A52F-B960-4989-B287-1ECFDFBE4287}"
EndProject
Project("{2150E333-8FDC-42A3-9474-1A3956D46DE8}") = "Infrastructure", "Infrastructure", "{8ACCDC0B-2129-42F1-9349-23E432368C72}"
EndProject
Project("{FAE04EC0-301F-11D3-BF4B-00C04F79EFBC}") = "HotelBackend.Infrastructure", "src\Infrastructure\HotelBackend.Infrastructure\HotelBackend.Infrastructure.csproj", "{F6E3204C-3631-4FD4-AD6A-302744DF53BD}"
EndProject
Project("{FAE04EC0-301F-11D3-BF4B-00C04F79EFBC}") = "HotelBackend.Persistence", "src\Infrastructure\HotelBackend.Persistence\HotelBackend.Persistence.csproj", "{99738268-416E-4EC9-94F3-BFB831F9EB00}"
EndProject
Project("{2150E333-8FDC-42A3-9474-1A3956D46DE8}") = "Core", "Core", "{34931C79-B087-49AF-A065-0D4A44A58864}"
EndProject
Project("{FAE04EC0-301F-11D3-BF4B-00C04F79EFBC}") = "HotelBackend.Domain", "src\Core\HotelBackend.Domain\HotelBackend.Domain.csproj", "{C780CBEA-D127-4237-9BF1-9D18318C7B3C}"
EndProject
Project("{FAE04EC0-301F-11D3-BF4B-00C04F79EFBC}") = "HotelBackend.Application", "src\Core\HotelBackend.Application\HotelBackend.Application.csproj", "{90B7105C-FACF-4D52-9AF2-8F538B52ED17}"
EndProject
Project("{2150E333-8FDC-42A3-9474-1A3956D46DE8}") = "UI", "UI", "{E003D02B-46F4-4EEA-B7EC-354B9488D8DD}"
EndProject
Project("{FAE04EC0-301F-11D3-BF4B-00C04F79EFBC}") = "HotelBackend.EmailService", "src\UI\HotelBackend.EmailService\HotelBackend.EmailService.csproj", "{64128C8C-3941-4628-8E8B-A7CE5D7E2F47}"
EndProject
Global
	GlobalSection(SolutionConfigurationPlatforms) = preSolution
		Debug|Any CPU = Debug|Any CPU
		Release|Any CPU = Release|Any CPU
	EndGlobalSection
	GlobalSection(ProjectConfigurationPlatforms) = postSolution
		{66F72374-563B-4703-A20B-D671B9CACB7B}.Debug|Any CPU.ActiveCfg = Debug|Any CPU
		{66F72374-563B-4703-A20B-D671B9CACB7B}.Debug|Any CPU.Build.0 = Debug|Any CPU
		{66F72374-563B-4703-A20B-D671B9CACB7B}.Release|Any CPU.ActiveCfg = Release|Any CPU
		{66F72374-563B-4703-A20B-D671B9CACB7B}.Release|Any CPU.Build.0 = Release|Any CPU
		{4D05A52F-B960-4989-B287-1ECFDFBE4287}.Debug|Any CPU.ActiveCfg = Debug|Any CPU
		{4D05A52F-B960-4989-B287-1ECFDFBE4287}.Debug|Any CPU.Build.0 = Debug|Any CPU
		{4D05A52F-B960-4989-B287-1ECFDFBE4287}.Release|Any CPU.ActiveCfg = Release|Any CPU
		{4D05A52F-B960-4989-B287-1ECFDFBE4287}.Release|Any CPU.Build.0 = Release|Any CPU
		{F6E3204C-3631-4FD4-AD6A-302744DF53BD}.Debug|Any CPU.ActiveCfg = Debug|Any CPU
		{F6E3204C-3631-4FD4-AD6A-302744DF53BD}.Debug|Any CPU.Build.0 = Debug|Any CPU
		{F6E3204C-3631-4FD4-AD6A-302744DF53BD}.Release|Any CPU.ActiveCfg = Release|Any CPU
		{F6E3204C-3631-4FD4-AD6A-302744DF53BD}.Release|Any CPU.Build.0 = Release|Any CPU
		{99738268-416E-4EC9-94F3-BFB831F9EB00}.Debug|Any CPU.ActiveCfg = Debug|Any CPU
		{99738268-416E-4EC9-94F3-BFB831F9EB00}.Debug|Any CPU.Build.0 = Debug|Any CPU
		{99738268-416E-4EC9-94F3-BFB831F9EB00}.Release|Any CPU.ActiveCfg = Release|Any CPU
		{99738268-416E-4EC9-94F3-BFB831F9EB00}.Release|Any CPU.Build.0 = Release|Any CPU
		{C780CBEA-D127-4237-9BF1-9D18318C7B3C}.Debug|Any CPU.ActiveCfg = Debug|Any CPU
		{C780CBEA-D127-4237-9BF1-9D18318C7B3C}.Debug|Any CPU.Build.0 = Debug|Any CPU
		{C780CBEA-D127-4237-9BF1-9D18318C7B3C}.Release|Any CPU.ActiveCfg = Release|Any CPU
		{C780CBEA-D127-4237-9BF1-9D18318C7B3C}.Release|Any CPU.Build.0 = Release|Any CPU
		{90B7105C-FACF-4D52-9AF2-8F538B52ED17}.Debug|Any CPU.ActiveCfg = Debug|Any CPU
		{90B7105C-FACF-4D52-9AF2-8F538B52ED17}.Debug|Any CPU.Build.0 = Debug|Any CPU
		{90B7105C-FACF-4D52-9AF2-8F538B52ED17}.Release|Any CPU.ActiveCfg = Release|Any CPU
		{90B7105C-FACF-4D52-9AF2-8F538B52ED17}.Release|Any CPU.Build.0 = Release|Any CPU
		{64128C8C-3941-4628-8E8B-A7CE5D7E2F47}.Debug|Any CPU.ActiveCfg = Debug|Any CPU
		{64128C8C-3941-4628-8E8B-A7CE5D7E2F47}.Debug|Any CPU.Build.0 = Debug|Any CPU
		{64128C8C-3941-4628-8E8B-A7CE5D7E2F47}.Release|Any CPU.ActiveCfg = Release|Any CPU
		{64128C8C-3941-4628-8E8B-A7CE5D7E2F47}.Release|Any CPU.Build.0 = Release|Any CPU
	EndGlobalSection
	GlobalSection(SolutionProperties) = preSolution
		HideSolutionNode = FALSE
	EndGlobalSection
	GlobalSection(ExtensibilityGlobals) = postSolution
		SolutionGuid = {DE6CAACE-08AA-481A-8B3A-1FC0A118DAEE}
	EndGlobalSection
	GlobalSection(NestedProjects) = preSolution
		{4093D895-6BDA-49C9-B594-32EDBBC2AC42} = {AC4A0547-4571-43B1-82A3-356FBF3DE142}
		{66F72374-563B-4703-A20B-D671B9CACB7B} = {4093D895-6BDA-49C9-B594-32EDBBC2AC42}
		{4D05A52F-B960-4989-B287-1ECFDFBE4287} = {4093D895-6BDA-49C9-B594-32EDBBC2AC42}
		{8ACCDC0B-2129-42F1-9349-23E432368C72} = {AC4A0547-4571-43B1-82A3-356FBF3DE142}
		{F6E3204C-3631-4FD4-AD6A-302744DF53BD} = {8ACCDC0B-2129-42F1-9349-23E432368C72}
		{99738268-416E-4EC9-94F3-BFB831F9EB00} = {8ACCDC0B-2129-42F1-9349-23E432368C72}
		{34931C79-B087-49AF-A065-0D4A44A58864} = {AC4A0547-4571-43B1-82A3-356FBF3DE142}
		{C780CBEA-D127-4237-9BF1-9D18318C7B3C} = {34931C79-B087-49AF-A065-0D4A44A58864}
		{90B7105C-FACF-4D52-9AF2-8F538B52ED17} = {34931C79-B087-49AF-A065-0D4A44A58864}
		{E003D02B-46F4-4EEA-B7EC-354B9488D8DD} = {AC4A0547-4571-43B1-82A3-356FBF3DE142}
		{64128C8C-3941-4628-8E8B-A7CE5D7E2F47} = {E003D02B-46F4-4EEA-B7EC-354B9488D8DD}
	EndGlobalSection
EndGlobal
