
Microsoft Visual Studio Solution File, Format Version 12.00
# Visual Studio Version 17
VisualStudioVersion = 17.0.31903.59
MinimumVisualStudioVersion = 10.0.40219.1
Project("{2150E333-8FDC-42A3-9474-1A3956D46DE8}") = "src", "src", "{1EF191C9-1B1E-4F73-9547-E7626E177D6E}"
	ProjectSection(SolutionItems) = preProject
		docker-compose.yml = docker-compose.yml
		docker-compose-coolify.yml = docker-compose-coolify.yml
		src\Dockerfile.backend = src\Dockerfile.backend
	EndProjectSection
EndProject
Project("{FAE04EC0-301F-11D3-BF4B-00C04F79EFBC}") = "Hrs.Common", "src\Hrs.Common\Hrs.Common.csproj", "{DAE83D8F-D079-4B28-87EF-1C348FA0C243}"
EndProject
Project("{FAE04EC0-301F-11D3-BF4B-00C04F79EFBC}") = "Hrs.Application", "src\Hrs.Application\Hrs.Application.csproj", "{C179351A-6A59-4534-AF5D-58F56B55A095}"
EndProject
Project("{FAE04EC0-301F-11D3-BF4B-00C04F79EFBC}") = "Hrs.Domain", "src\Hrs.Domain\Hrs.Domain.csproj", "{19F1488E-7D0D-438E-A328-8C3064699E20}"
EndProject
Project("{FAE04EC0-301F-11D3-BF4B-00C04F79EFBC}") = "Hrs.Infrastructure", "src\Hrs.Infrastructure\Hrs.Infrastructure.csproj", "{6C4D77AE-A126-49B7-B897-4F90A500AF52}"
EndProject
Project("{FAE04EC0-301F-11D3-BF4B-00C04F79EFBC}") = "Hrs.Presentation", "src\Hrs.Presentation\Hrs.Presentation.csproj", "{907D2860-4C6B-4F3B-A289-1B58F0F9E2E3}"
EndProject
Project("{FAE04EC0-301F-11D3-BF4B-00C04F79EFBC}") = "ServiceDefaults", "src\ServiceDefaults\ServiceDefaults.csproj", "{12859E60-067E-4CB1-BA0F-BD337C8C4DA2}"
EndProject
Project("{FAE04EC0-301F-11D3-BF4B-00C04F79EFBC}") = "AppHost", "src\AppHost\AppHost.csproj", "{362B8148-860A-4701-842E-5BF7A0C5D7C5}"
EndProject
Project("{2150E333-8FDC-42A3-9474-1A3956D46DE8}") = "tests", "tests", "{97718FE7-7FDE-4CD4-9DC6-A2DEBCB56807}"
EndProject
Project("{FAE04EC0-301F-11D3-BF4B-00C04F79EFBC}") = "Hrs.IntegrationTests", "Hrs.IntegrationTests\Hrs.IntegrationTests.csproj", "{9A96F068-98A5-46A3-857D-8ACCFD30C6FC}"
EndProject
Global
	GlobalSection(SolutionConfigurationPlatforms) = preSolution
		Debug|Any CPU = Debug|Any CPU
		Release|Any CPU = Release|Any CPU
	EndGlobalSection
	GlobalSection(SolutionProperties) = preSolution
		HideSolutionNode = FALSE
	EndGlobalSection
	GlobalSection(ProjectConfigurationPlatforms) = postSolution
		{DAE83D8F-D079-4B28-87EF-1C348FA0C243}.Debug|Any CPU.ActiveCfg = Debug|Any CPU
		{DAE83D8F-D079-4B28-87EF-1C348FA0C243}.Debug|Any CPU.Build.0 = Debug|Any CPU
		{DAE83D8F-D079-4B28-87EF-1C348FA0C243}.Release|Any CPU.ActiveCfg = Release|Any CPU
		{DAE83D8F-D079-4B28-87EF-1C348FA0C243}.Release|Any CPU.Build.0 = Release|Any CPU
		{C179351A-6A59-4534-AF5D-58F56B55A095}.Debug|Any CPU.ActiveCfg = Debug|Any CPU
		{C179351A-6A59-4534-AF5D-58F56B55A095}.Debug|Any CPU.Build.0 = Debug|Any CPU
		{C179351A-6A59-4534-AF5D-58F56B55A095}.Release|Any CPU.ActiveCfg = Release|Any CPU
		{C179351A-6A59-4534-AF5D-58F56B55A095}.Release|Any CPU.Build.0 = Release|Any CPU
		{19F1488E-7D0D-438E-A328-8C3064699E20}.Debug|Any CPU.ActiveCfg = Debug|Any CPU
		{19F1488E-7D0D-438E-A328-8C3064699E20}.Debug|Any CPU.Build.0 = Debug|Any CPU
		{19F1488E-7D0D-438E-A328-8C3064699E20}.Release|Any CPU.ActiveCfg = Release|Any CPU
		{19F1488E-7D0D-438E-A328-8C3064699E20}.Release|Any CPU.Build.0 = Release|Any CPU
		{6C4D77AE-A126-49B7-B897-4F90A500AF52}.Debug|Any CPU.ActiveCfg = Debug|Any CPU
		{6C4D77AE-A126-49B7-B897-4F90A500AF52}.Debug|Any CPU.Build.0 = Debug|Any CPU
		{6C4D77AE-A126-49B7-B897-4F90A500AF52}.Release|Any CPU.ActiveCfg = Release|Any CPU
		{6C4D77AE-A126-49B7-B897-4F90A500AF52}.Release|Any CPU.Build.0 = Release|Any CPU
		{907D2860-4C6B-4F3B-A289-1B58F0F9E2E3}.Debug|Any CPU.ActiveCfg = Debug|Any CPU
		{907D2860-4C6B-4F3B-A289-1B58F0F9E2E3}.Debug|Any CPU.Build.0 = Debug|Any CPU
		{907D2860-4C6B-4F3B-A289-1B58F0F9E2E3}.Release|Any CPU.ActiveCfg = Release|Any CPU
		{907D2860-4C6B-4F3B-A289-1B58F0F9E2E3}.Release|Any CPU.Build.0 = Release|Any CPU
		{12859E60-067E-4CB1-BA0F-BD337C8C4DA2}.Debug|Any CPU.ActiveCfg = Debug|Any CPU
		{12859E60-067E-4CB1-BA0F-BD337C8C4DA2}.Debug|Any CPU.Build.0 = Debug|Any CPU
		{12859E60-067E-4CB1-BA0F-BD337C8C4DA2}.Release|Any CPU.ActiveCfg = Release|Any CPU
		{12859E60-067E-4CB1-BA0F-BD337C8C4DA2}.Release|Any CPU.Build.0 = Release|Any CPU
		{362B8148-860A-4701-842E-5BF7A0C5D7C5}.Debug|Any CPU.ActiveCfg = Debug|Any CPU
		{362B8148-860A-4701-842E-5BF7A0C5D7C5}.Debug|Any CPU.Build.0 = Debug|Any CPU
		{362B8148-860A-4701-842E-5BF7A0C5D7C5}.Release|Any CPU.ActiveCfg = Release|Any CPU
		{362B8148-860A-4701-842E-5BF7A0C5D7C5}.Release|Any CPU.Build.0 = Release|Any CPU
		{9A96F068-98A5-46A3-857D-8ACCFD30C6FC}.Debug|Any CPU.ActiveCfg = Debug|Any CPU
		{9A96F068-98A5-46A3-857D-8ACCFD30C6FC}.Debug|Any CPU.Build.0 = Debug|Any CPU
		{9A96F068-98A5-46A3-857D-8ACCFD30C6FC}.Release|Any CPU.ActiveCfg = Release|Any CPU
		{9A96F068-98A5-46A3-857D-8ACCFD30C6FC}.Release|Any CPU.Build.0 = Release|Any CPU
	EndGlobalSection
	GlobalSection(NestedProjects) = preSolution
		{DAE83D8F-D079-4B28-87EF-1C348FA0C243} = {1EF191C9-1B1E-4F73-9547-E7626E177D6E}
		{C179351A-6A59-4534-AF5D-58F56B55A095} = {1EF191C9-1B1E-4F73-9547-E7626E177D6E}
		{19F1488E-7D0D-438E-A328-8C3064699E20} = {1EF191C9-1B1E-4F73-9547-E7626E177D6E}
		{6C4D77AE-A126-49B7-B897-4F90A500AF52} = {1EF191C9-1B1E-4F73-9547-E7626E177D6E}
		{907D2860-4C6B-4F3B-A289-1B58F0F9E2E3} = {1EF191C9-1B1E-4F73-9547-E7626E177D6E}
		{12859E60-067E-4CB1-BA0F-BD337C8C4DA2} = {1EF191C9-1B1E-4F73-9547-E7626E177D6E}
		{362B8148-860A-4701-842E-5BF7A0C5D7C5} = {1EF191C9-1B1E-4F73-9547-E7626E177D6E}
		{9A96F068-98A5-46A3-857D-8ACCFD30C6FC} = {97718FE7-7FDE-4CD4-9DC6-A2DEBCB56807}
	EndGlobalSection
EndGlobal
