
Microsoft Visual Studio Solution File, Format Version 12.00
# Visual Studio Version 17
VisualStudioVersion = 17.6.33815.320
MinimumVisualStudioVersion = 10.0.40219.1
Project("{2150E333-8FDC-42A3-9474-1A3956D46DE8}") = "src", "src", "{EB48BBBF-491E-441F-9BDB-E4ACF462DBD6}"
EndProject
Project("{2150E333-8FDC-42A3-9474-1A3956D46DE8}") = "Common", "Common", "{BD5E07BE-B35B-4E45-B8CF-D4332B118BB8}"
EndProject
Project("{FAE04EC0-301F-11D3-BF4B-00C04F79EFBC}") = "HotelBackend.Common", "src\Common\HotelBackend.Common\HotelBackend.Common.csproj", "{19C08F05-DFD8-4B63-9226-45785608000B}"
EndProject
Project("{2150E333-8FDC-42A3-9474-1A3956D46DE8}") = "EmailClient", "EmailClient", "{9D93D46D-13A2-403C-A54F-8B80AB194B1D}"
EndProject
Project("{2150E333-8FDC-42A3-9474-1A3956D46DE8}") = "Core", "Core", "{15CDCCC8-07A9-449D-BE25-949982A7D443}"
EndProject
Project("{FAE04EC0-301F-11D3-BF4B-00C04F79EFBC}") = "HotelBackend.Application", "src\EmailClient\Core\HotelBackend.Application\HotelBackend.Application.csproj", "{47AC79D1-5665-4D85-92BB-36991E819167}"
EndProject
Project("{2150E333-8FDC-42A3-9474-1A3956D46DE8}") = "Infrastructure", "Infrastructure", "{9C75A587-4951-4914-9631-7CCD5BEAC8C9}"
EndProject
Project("{FAE04EC0-301F-11D3-BF4B-00C04F79EFBC}") = "HotelBackend.Infrastructure", "src\EmailClient\Infrastructure\HotelBackend.Infrastructure\HotelBackend.Infrastructure.csproj", "{0653E015-4FDB-4CF7-A556-0744E9EAEA5F}"
EndProject
Project("{2150E333-8FDC-42A3-9474-1A3956D46DE8}") = "Presentation", "Presentation", "{42500A3A-9131-4BD8-BDC5-533DFE575CF3}"
EndProject
Project("{FAE04EC0-301F-11D3-BF4B-00C04F79EFBC}") = "HotelBackend.EmailService", "src\EmailClient\Presentation\HotelBackend.EmailService\HotelBackend.EmailService.csproj", "{D7C27048-7004-46C5-A82D-A3CD247CAA44}"
EndProject
Project("{2150E333-8FDC-42A3-9474-1A3956D46DE8}") = "Payments", "Payments", "{4CF9058D-9665-482E-BB29-DAC76759D9B8}"
EndProject
Project("{2150E333-8FDC-42A3-9474-1A3956D46DE8}") = "Core", "Core", "{53334F8A-7F6F-4C73-A152-1813168424FA}"
EndProject
Project("{FAE04EC0-301F-11D3-BF4B-00C04F79EFBC}") = "HotelBackend.Application", "src\Payments\Core\HotelBackend.Application\HotelBackend.Application.csproj", "{20DC6C45-6F5C-456C-8B6D-6F07FF8E70EA}"
EndProject
Project("{FAE04EC0-301F-11D3-BF4B-00C04F79EFBC}") = "HotelBackend.Domain", "src\Payments\Core\HotelBackend.Domain\HotelBackend.Domain.csproj", "{E8526F24-638F-42EB-8E64-823CA7243683}"
EndProject
Project("{2150E333-8FDC-42A3-9474-1A3956D46DE8}") = "Infrastructure", "Infrastructure", "{ADAEC3AC-69D2-4775-9A38-3EAC97E40ABC}"
EndProject
Project("{FAE04EC0-301F-11D3-BF4B-00C04F79EFBC}") = "HotelBackend.Infrastructure", "src\Payments\Infrastructure\HotelBackend.Infrastructure\HotelBackend.Infrastructure.csproj", "{6C69BA03-9684-43C5-A74A-B9E9A2679A09}"
EndProject
Project("{2150E333-8FDC-42A3-9474-1A3956D46DE8}") = "Presentation", "Presentation", "{839C5933-E6DB-431F-9AC6-357CC95A93E7}"
EndProject
Project("{FAE04EC0-301F-11D3-BF4B-00C04F79EFBC}") = "HotelBackend.PaymentInitiatorService", "src\Payments\Presentation\HotelBackend.PaymentInitiatorService\HotelBackend.PaymentInitiatorService.csproj", "{F4502C6C-4C5E-4509-9466-0001C42CABAF}"
EndProject
Project("{2150E333-8FDC-42A3-9474-1A3956D46DE8}") = "Reservations", "Reservations", "{F7E49494-ABCF-41A5-8D93-CD28026DBB2E}"
EndProject
Project("{2150E333-8FDC-42A3-9474-1A3956D46DE8}") = "Core", "Core", "{15C44FEA-2969-48BF-8DB8-C460553ED32B}"
EndProject
Project("{FAE04EC0-301F-11D3-BF4B-00C04F79EFBC}") = "HotelBackend.Application", "src\Reservations\Core\HotelBackend.Application\HotelBackend.Application.csproj", "{A1F38049-B2D0-4F79-8474-AB97DF22F888}"
EndProject
Project("{FAE04EC0-301F-11D3-BF4B-00C04F79EFBC}") = "HotelBackend.Domain", "src\Reservations\Core\HotelBackend.Domain\HotelBackend.Domain.csproj", "{96363CC8-403C-4101-8C3B-9E2DBE29C419}"
EndProject
Project("{2150E333-8FDC-42A3-9474-1A3956D46DE8}") = "Infrastructure", "Infrastructure", "{324304A4-F48C-47CB-AC30-BA87F770BC11}"
EndProject
Project("{FAE04EC0-301F-11D3-BF4B-00C04F79EFBC}") = "HotelBackend.Infrastructure", "src\Reservations\Infrastructure\HotelBackend.Infrastructure\HotelBackend.Infrastructure.csproj", "{D4777089-CB9F-44B3-BC60-4078EDF9833F}"
EndProject
Project("{FAE04EC0-301F-11D3-BF4B-00C04F79EFBC}") = "HotelBackend.Persistence", "src\Reservations\Infrastructure\HotelBackend.Persistence\HotelBackend.Persistence.csproj", "{309BB7B2-F76E-4693-993C-584518E073A5}"
EndProject
Project("{2150E333-8FDC-42A3-9474-1A3956D46DE8}") = "Presentation", "Presentation", "{3F57A25B-CC4A-4529-BF0E-58E2B2E39868}"
EndProject
Project("{FAE04EC0-301F-11D3-BF4B-00C04F79EFBC}") = "HotelBackend.ReservationService", "src\Reservations\Presentation\HotelBackend.ReservationService\HotelBackend.ReservationService.csproj", "{383E2A2C-55BE-49AC-8CC8-3B05D1236BED}"
EndProject
Global
	GlobalSection(SolutionConfigurationPlatforms) = preSolution
		Debug|Any CPU = Debug|Any CPU
		Release|Any CPU = Release|Any CPU
	EndGlobalSection
	GlobalSection(ProjectConfigurationPlatforms) = postSolution
		{C3BE77B6-A2E9-4A35-A934-6760839481C6}.Debug|Any CPU.ActiveCfg = Debug|Any CPU
		{C3BE77B6-A2E9-4A35-A934-6760839481C6}.Debug|Any CPU.Build.0 = Debug|Any CPU
		{C3BE77B6-A2E9-4A35-A934-6760839481C6}.Release|Any CPU.ActiveCfg = Release|Any CPU
		{C3BE77B6-A2E9-4A35-A934-6760839481C6}.Release|Any CPU.Build.0 = Release|Any CPU
		{19C08F05-DFD8-4B63-9226-45785608000B}.Debug|Any CPU.ActiveCfg = Debug|Any CPU
		{19C08F05-DFD8-4B63-9226-45785608000B}.Debug|Any CPU.Build.0 = Debug|Any CPU
		{19C08F05-DFD8-4B63-9226-45785608000B}.Release|Any CPU.ActiveCfg = Release|Any CPU
		{19C08F05-DFD8-4B63-9226-45785608000B}.Release|Any CPU.Build.0 = Release|Any CPU
		{47AC79D1-5665-4D85-92BB-36991E819167}.Debug|Any CPU.ActiveCfg = Debug|Any CPU
		{47AC79D1-5665-4D85-92BB-36991E819167}.Debug|Any CPU.Build.0 = Debug|Any CPU
		{47AC79D1-5665-4D85-92BB-36991E819167}.Release|Any CPU.ActiveCfg = Release|Any CPU
		{47AC79D1-5665-4D85-92BB-36991E819167}.Release|Any CPU.Build.0 = Release|Any CPU
		{0653E015-4FDB-4CF7-A556-0744E9EAEA5F}.Debug|Any CPU.ActiveCfg = Debug|Any CPU
		{0653E015-4FDB-4CF7-A556-0744E9EAEA5F}.Debug|Any CPU.Build.0 = Debug|Any CPU
		{0653E015-4FDB-4CF7-A556-0744E9EAEA5F}.Release|Any CPU.ActiveCfg = Release|Any CPU
		{0653E015-4FDB-4CF7-A556-0744E9EAEA5F}.Release|Any CPU.Build.0 = Release|Any CPU
		{D7C27048-7004-46C5-A82D-A3CD247CAA44}.Debug|Any CPU.ActiveCfg = Debug|Any CPU
		{D7C27048-7004-46C5-A82D-A3CD247CAA44}.Debug|Any CPU.Build.0 = Debug|Any CPU
		{D7C27048-7004-46C5-A82D-A3CD247CAA44}.Release|Any CPU.ActiveCfg = Release|Any CPU
		{D7C27048-7004-46C5-A82D-A3CD247CAA44}.Release|Any CPU.Build.0 = Release|Any CPU
		{20DC6C45-6F5C-456C-8B6D-6F07FF8E70EA}.Debug|Any CPU.ActiveCfg = Debug|Any CPU
		{20DC6C45-6F5C-456C-8B6D-6F07FF8E70EA}.Debug|Any CPU.Build.0 = Debug|Any CPU
		{20DC6C45-6F5C-456C-8B6D-6F07FF8E70EA}.Release|Any CPU.ActiveCfg = Release|Any CPU
		{20DC6C45-6F5C-456C-8B6D-6F07FF8E70EA}.Release|Any CPU.Build.0 = Release|Any CPU
		{E8526F24-638F-42EB-8E64-823CA7243683}.Debug|Any CPU.ActiveCfg = Debug|Any CPU
		{E8526F24-638F-42EB-8E64-823CA7243683}.Debug|Any CPU.Build.0 = Debug|Any CPU
		{E8526F24-638F-42EB-8E64-823CA7243683}.Release|Any CPU.ActiveCfg = Release|Any CPU
		{E8526F24-638F-42EB-8E64-823CA7243683}.Release|Any CPU.Build.0 = Release|Any CPU
		{6C69BA03-9684-43C5-A74A-B9E9A2679A09}.Debug|Any CPU.ActiveCfg = Debug|Any CPU
		{6C69BA03-9684-43C5-A74A-B9E9A2679A09}.Debug|Any CPU.Build.0 = Debug|Any CPU
		{6C69BA03-9684-43C5-A74A-B9E9A2679A09}.Release|Any CPU.ActiveCfg = Release|Any CPU
		{6C69BA03-9684-43C5-A74A-B9E9A2679A09}.Release|Any CPU.Build.0 = Release|Any CPU
		{F4502C6C-4C5E-4509-9466-0001C42CABAF}.Debug|Any CPU.ActiveCfg = Debug|Any CPU
		{F4502C6C-4C5E-4509-9466-0001C42CABAF}.Debug|Any CPU.Build.0 = Debug|Any CPU
		{F4502C6C-4C5E-4509-9466-0001C42CABAF}.Release|Any CPU.ActiveCfg = Release|Any CPU
		{F4502C6C-4C5E-4509-9466-0001C42CABAF}.Release|Any CPU.Build.0 = Release|Any CPU
		{A1F38049-B2D0-4F79-8474-AB97DF22F888}.Debug|Any CPU.ActiveCfg = Debug|Any CPU
		{A1F38049-B2D0-4F79-8474-AB97DF22F888}.Debug|Any CPU.Build.0 = Debug|Any CPU
		{A1F38049-B2D0-4F79-8474-AB97DF22F888}.Release|Any CPU.ActiveCfg = Release|Any CPU
		{A1F38049-B2D0-4F79-8474-AB97DF22F888}.Release|Any CPU.Build.0 = Release|Any CPU
		{96363CC8-403C-4101-8C3B-9E2DBE29C419}.Debug|Any CPU.ActiveCfg = Debug|Any CPU
		{96363CC8-403C-4101-8C3B-9E2DBE29C419}.Debug|Any CPU.Build.0 = Debug|Any CPU
		{96363CC8-403C-4101-8C3B-9E2DBE29C419}.Release|Any CPU.ActiveCfg = Release|Any CPU
		{96363CC8-403C-4101-8C3B-9E2DBE29C419}.Release|Any CPU.Build.0 = Release|Any CPU
		{D4777089-CB9F-44B3-BC60-4078EDF9833F}.Debug|Any CPU.ActiveCfg = Debug|Any CPU
		{D4777089-CB9F-44B3-BC60-4078EDF9833F}.Debug|Any CPU.Build.0 = Debug|Any CPU
		{D4777089-CB9F-44B3-BC60-4078EDF9833F}.Release|Any CPU.ActiveCfg = Release|Any CPU
		{D4777089-CB9F-44B3-BC60-4078EDF9833F}.Release|Any CPU.Build.0 = Release|Any CPU
		{309BB7B2-F76E-4693-993C-584518E073A5}.Debug|Any CPU.ActiveCfg = Debug|Any CPU
		{309BB7B2-F76E-4693-993C-584518E073A5}.Debug|Any CPU.Build.0 = Debug|Any CPU
		{309BB7B2-F76E-4693-993C-584518E073A5}.Release|Any CPU.ActiveCfg = Release|Any CPU
		{309BB7B2-F76E-4693-993C-584518E073A5}.Release|Any CPU.Build.0 = Release|Any CPU
		{383E2A2C-55BE-49AC-8CC8-3B05D1236BED}.Debug|Any CPU.ActiveCfg = Debug|Any CPU
		{383E2A2C-55BE-49AC-8CC8-3B05D1236BED}.Debug|Any CPU.Build.0 = Debug|Any CPU
		{383E2A2C-55BE-49AC-8CC8-3B05D1236BED}.Release|Any CPU.ActiveCfg = Release|Any CPU
		{383E2A2C-55BE-49AC-8CC8-3B05D1236BED}.Release|Any CPU.Build.0 = Release|Any CPU
	EndGlobalSection
	GlobalSection(SolutionProperties) = preSolution
		HideSolutionNode = FALSE
	EndGlobalSection
	GlobalSection(ExtensibilityGlobals) = postSolution
		SolutionGuid = {DE6CAACE-08AA-481A-8B3A-1FC0A118DAEE}
	EndGlobalSection
	GlobalSection(NestedProjects) = preSolution
		{ACCFDF14-2742-462D-8224-F440CA12C3DC} = {1E141F7D-AD31-4D1D-9853-5C6692E409D4}
		{3F0E1840-C794-4C4A-A0C6-E41F81E6B54D} = {ACCFDF14-2742-462D-8224-F440CA12C3DC}
		{C3BE77B6-A2E9-4A35-A934-6760839481C6} = {3F0E1840-C794-4C4A-A0C6-E41F81E6B54D}
		{BD5E07BE-B35B-4E45-B8CF-D4332B118BB8} = {EB48BBBF-491E-441F-9BDB-E4ACF462DBD6}
		{19C08F05-DFD8-4B63-9226-45785608000B} = {BD5E07BE-B35B-4E45-B8CF-D4332B118BB8}
		{9D93D46D-13A2-403C-A54F-8B80AB194B1D} = {EB48BBBF-491E-441F-9BDB-E4ACF462DBD6}
		{15CDCCC8-07A9-449D-BE25-949982A7D443} = {9D93D46D-13A2-403C-A54F-8B80AB194B1D}
		{47AC79D1-5665-4D85-92BB-36991E819167} = {15CDCCC8-07A9-449D-BE25-949982A7D443}
		{9C75A587-4951-4914-9631-7CCD5BEAC8C9} = {9D93D46D-13A2-403C-A54F-8B80AB194B1D}
		{0653E015-4FDB-4CF7-A556-0744E9EAEA5F} = {9C75A587-4951-4914-9631-7CCD5BEAC8C9}
		{42500A3A-9131-4BD8-BDC5-533DFE575CF3} = {9D93D46D-13A2-403C-A54F-8B80AB194B1D}
		{D7C27048-7004-46C5-A82D-A3CD247CAA44} = {42500A3A-9131-4BD8-BDC5-533DFE575CF3}
		{4CF9058D-9665-482E-BB29-DAC76759D9B8} = {EB48BBBF-491E-441F-9BDB-E4ACF462DBD6}
		{53334F8A-7F6F-4C73-A152-1813168424FA} = {4CF9058D-9665-482E-BB29-DAC76759D9B8}
		{20DC6C45-6F5C-456C-8B6D-6F07FF8E70EA} = {53334F8A-7F6F-4C73-A152-1813168424FA}
		{E8526F24-638F-42EB-8E64-823CA7243683} = {53334F8A-7F6F-4C73-A152-1813168424FA}
		{ADAEC3AC-69D2-4775-9A38-3EAC97E40ABC} = {4CF9058D-9665-482E-BB29-DAC76759D9B8}
		{6C69BA03-9684-43C5-A74A-B9E9A2679A09} = {ADAEC3AC-69D2-4775-9A38-3EAC97E40ABC}
		{839C5933-E6DB-431F-9AC6-357CC95A93E7} = {4CF9058D-9665-482E-BB29-DAC76759D9B8}
		{F4502C6C-4C5E-4509-9466-0001C42CABAF} = {839C5933-E6DB-431F-9AC6-357CC95A93E7}
		{F7E49494-ABCF-41A5-8D93-CD28026DBB2E} = {EB48BBBF-491E-441F-9BDB-E4ACF462DBD6}
		{15C44FEA-2969-48BF-8DB8-C460553ED32B} = {F7E49494-ABCF-41A5-8D93-CD28026DBB2E}
		{A1F38049-B2D0-4F79-8474-AB97DF22F888} = {15C44FEA-2969-48BF-8DB8-C460553ED32B}
		{96363CC8-403C-4101-8C3B-9E2DBE29C419} = {15C44FEA-2969-48BF-8DB8-C460553ED32B}
		{324304A4-F48C-47CB-AC30-BA87F770BC11} = {F7E49494-ABCF-41A5-8D93-CD28026DBB2E}
		{D4777089-CB9F-44B3-BC60-4078EDF9833F} = {324304A4-F48C-47CB-AC30-BA87F770BC11}
		{309BB7B2-F76E-4693-993C-584518E073A5} = {324304A4-F48C-47CB-AC30-BA87F770BC11}
		{3F57A25B-CC4A-4529-BF0E-58E2B2E39868} = {F7E49494-ABCF-41A5-8D93-CD28026DBB2E}
		{383E2A2C-55BE-49AC-8CC8-3B05D1236BED} = {3F57A25B-CC4A-4529-BF0E-58E2B2E39868}
	EndGlobalSection
EndGlobal
