
Microsoft Visual Studio Solution File, Format Version 12.00
# Visual Studio Version 17
VisualStudioVersion = 17.6.33815.320
MinimumVisualStudioVersion = 10.0.40219.1
Project("{9A19103F-16F7-4668-BE54-9A1E7A4F7556}") = "HotelManagement", "HotelManagement\HotelManagement.csproj", "{F32E5667-729A-4E35-8880-4A0E48393CBD}"
EndProject
Project("{9A19103F-16F7-4668-BE54-9A1E7A4F7556}") = "HotelManagement.Web", "HotelManagement.Web\HotelManagement.Web.csproj", "{84BC932D-0E1C-4CA2-AC91-6ED4ED0056C4}"
EndProject
Project("{9A19103F-16F7-4668-BE54-9A1E7A4F7556}") = "DataAccess", "DataAccess\DataAccess.csproj", "{1822B676-AFCE-4350-8A6C-F7F63583D1CE}"
EndProject
Project("{FAE04EC0-301F-11D3-BF4B-00C04F79EFBC}") = "Core", "Core\Core.csproj", "{A81181EB-6458-4F27-8509-A4378F293262}"
EndProject
Global
	GlobalSection(SolutionConfigurationPlatforms) = preSolution
		Debug|Any CPU = Debug|Any CPU
		Release|Any CPU = Release|Any CPU
	EndGlobalSection
	GlobalSection(ProjectConfigurationPlatforms) = postSolution
		{F32E5667-729A-4E35-8880-4A0E48393CBD}.Debug|Any CPU.ActiveCfg = Debug|Any CPU
		{F32E5667-729A-4E35-8880-4A0E48393CBD}.Debug|Any CPU.Build.0 = Debug|Any CPU
		{F32E5667-729A-4E35-8880-4A0E48393CBD}.Release|Any CPU.ActiveCfg = Release|Any CPU
		{F32E5667-729A-4E35-8880-4A0E48393CBD}.Release|Any CPU.Build.0 = Release|Any CPU
		{84BC932D-0E1C-4CA2-AC91-6ED4ED0056C4}.Debug|Any CPU.ActiveCfg = Debug|Any CPU
		{84BC932D-0E1C-4CA2-AC91-6ED4ED0056C4}.Debug|Any CPU.Build.0 = Debug|Any CPU
		{84BC932D-0E1C-4CA2-AC91-6ED4ED0056C4}.Release|Any CPU.ActiveCfg = Release|Any CPU
		{84BC932D-0E1C-4CA2-AC91-6ED4ED0056C4}.Release|Any CPU.Build.0 = Release|Any CPU
		{1822B676-AFCE-4350-8A6C-F7F63583D1CE}.Debug|Any CPU.ActiveCfg = Debug|Any CPU
		{1822B676-AFCE-4350-8A6C-F7F63583D1CE}.Debug|Any CPU.Build.0 = Debug|Any CPU
		{1822B676-AFCE-4350-8A6C-F7F63583D1CE}.Release|Any CPU.ActiveCfg = Release|Any CPU
		{1822B676-AFCE-4350-8A6C-F7F63583D1CE}.Release|Any CPU.Build.0 = Release|Any CPU
		{A81181EB-6458-4F27-8509-A4378F293262}.Debug|Any CPU.ActiveCfg = Debug|Any CPU
		{A81181EB-6458-4F27-8509-A4378F293262}.Debug|Any CPU.Build.0 = Debug|Any CPU
		{A81181EB-6458-4F27-8509-A4378F293262}.Release|Any CPU.ActiveCfg = Release|Any CPU
		{A81181EB-6458-4F27-8509-A4378F293262}.Release|Any CPU.Build.0 = Release|Any CPU
	EndGlobalSection
	GlobalSection(SolutionProperties) = preSolution
		HideSolutionNode = FALSE
	EndGlobalSection
	GlobalSection(ExtensibilityGlobals) = postSolution
		SolutionGuid = {DE6CAACE-08AA-481A-8B3A-1FC0A118DAEE}
	EndGlobalSection
EndGlobal
