
Microsoft Visual Studio Solution File, Format Version 12.00
# Visual Studio Version 17
VisualStudioVersion = 17.6.33815.320
MinimumVisualStudioVersion = 10.0.40219.1
Project("{9A19103F-16F7-4668-BE54-9A1E7A4F7556}") = "HotelBackend.General.Api", "HotelBackend.General.Api\HotelBackend.General.Api.csproj", "{F32E5667-729A-4E35-8880-4A0E48393CBD}"
EndProject
Project("{9A19103F-16F7-4668-BE54-9A1E7A4F7556}") = "DataAccess", "DataAccess\DataAccess.csproj", "{1822B676-AFCE-4350-8A6C-F7F63583D1CE}"
EndProject
Project("{FAE04EC0-301F-11D3-BF4B-00C04F79EFBC}") = "HotelBackend.ReservationService", "HotelBackend.ReservationService\HotelBackend.ReservationService.csproj", "{67B1BE67-6D77-4B19-9935-7CEE9D7E1A9D}"
EndProject
Project("{FAE04EC0-301F-11D3-BF4B-00C04F79EFBC}") = "HotelBackend.BookingService", "HotelBackend.BookingService\HotelBackend.BookingService.csproj", "{5FD13D4F-CE21-4FA4-9B2E-ED83DA8BBBD1}"
EndProject
Global
	GlobalSection(SolutionConfigurationPlatforms) = preSolution
		Debug|Any CPU = Debug|Any CPU
		Release|Any CPU = Release|Any CPU
	EndGlobalSection
	GlobalSection(ProjectConfigurationPlatforms) = postSolution
		{F32E5667-729A-4E35-8880-4A0E48393CBD}.Debug|Any CPU.ActiveCfg = Debug|Any CPU
		{F32E5667-729A-4E35-8880-4A0E48393CBD}.Debug|Any CPU.Build.0 = Debug|Any CPU
		{F32E5667-729A-4E35-8880-4A0E48393CBD}.Release|Any CPU.ActiveCfg = Release|Any CPU
		{F32E5667-729A-4E35-8880-4A0E48393CBD}.Release|Any CPU.Build.0 = Release|Any CPU
		{1822B676-AFCE-4350-8A6C-F7F63583D1CE}.Debug|Any CPU.ActiveCfg = Debug|Any CPU
		{1822B676-AFCE-4350-8A6C-F7F63583D1CE}.Debug|Any CPU.Build.0 = Debug|Any CPU
		{1822B676-AFCE-4350-8A6C-F7F63583D1CE}.Release|Any CPU.ActiveCfg = Release|Any CPU
		{1822B676-AFCE-4350-8A6C-F7F63583D1CE}.Release|Any CPU.Build.0 = Release|Any CPU
		{67B1BE67-6D77-4B19-9935-7CEE9D7E1A9D}.Debug|Any CPU.ActiveCfg = Debug|Any CPU
		{67B1BE67-6D77-4B19-9935-7CEE9D7E1A9D}.Debug|Any CPU.Build.0 = Debug|Any CPU
		{67B1BE67-6D77-4B19-9935-7CEE9D7E1A9D}.Release|Any CPU.ActiveCfg = Release|Any CPU
		{67B1BE67-6D77-4B19-9935-7CEE9D7E1A9D}.Release|Any CPU.Build.0 = Release|Any CPU
		{5FD13D4F-CE21-4FA4-9B2E-ED83DA8BBBD1}.Debug|Any CPU.ActiveCfg = Debug|Any CPU
		{5FD13D4F-CE21-4FA4-9B2E-ED83DA8BBBD1}.Debug|Any CPU.Build.0 = Debug|Any CPU
		{5FD13D4F-CE21-4FA4-9B2E-ED83DA8BBBD1}.Release|Any CPU.ActiveCfg = Release|Any CPU
		{5FD13D4F-CE21-4FA4-9B2E-ED83DA8BBBD1}.Release|Any CPU.Build.0 = Release|Any CPU
	EndGlobalSection
	GlobalSection(SolutionProperties) = preSolution
		HideSolutionNode = FALSE
	EndGlobalSection
	GlobalSection(ExtensibilityGlobals) = postSolution
		SolutionGuid = {DE6CAACE-08AA-481A-8B3A-1FC0A118DAEE}
	EndGlobalSection
EndGlobal
